
Microsoft Visual Studio Solution File, Format Version 12.00
# Visual Studio Version 17
VisualStudioVersion = 17.3.32922.545
MinimumVisualStudioVersion = 10.0.40219.1
Project("{8BC9CEB8-8B4A-11D0-8D11-00A0C91BC942}") = "OpenGL_Shaders", "OpenGL_Shaders\OpenGL_Shaders.vcxproj", "{073B9FE0-C25A-415D-99C4-B5C37F166262}"
EndProject
Global
	GlobalSection(SolutionConfigurationPlatforms) = preSolution
		Debug|x64 = Debug|x64
		Debug|x86 = Debug|x86
		Release|x64 = Release|x64
		Release|x86 = Release|x86
	EndGlobalSection
	GlobalSection(ProjectConfigurationPlatforms) = postSolution
		{073B9FE0-C25A-415D-99C4-B5C37F166262}.Debug|x64.ActiveCfg = Debug|x64
		{073B9FE0-C25A-415D-99C4-B5C37F166262}.Debug|x64.Build.0 = Debug|x64
		{073B9FE0-C25A-415D-99C4-B5C37F166262}.Debug|x86.ActiveCfg = Debug|Win32
		{073B9FE0-C25A-415D-99C4-B5C37F166262}.Debug|x86.Build.0 = Debug|Win32
		{073B9FE0-C25A-415D-99C4-B5C37F166262}.Release|x64.ActiveCfg = Release|x64
		{073B9FE0-C25A-415D-99C4-B5C37F166262}.Release|x64.Build.0 = Release|x64
		{073B9FE0-C25A-415D-99C4-B5C37F166262}.Release|x86.ActiveCfg = Release|Win32
		{073B9FE0-C25A-415D-99C4-B5C37F166262}.Release|x86.Build.0 = Release|Win32
	EndGlobalSection
	GlobalSection(SolutionProperties) = preSolution
		HideSolutionNode = FALSE
	EndGlobalSection
	GlobalSection(ExtensibilityGlobals) = postSolution
		SolutionGuid = {606DAD41-4B64-4C2C-8AB9-D0DA43D74A9A}
	EndGlobalSection
EndGlobal
